
Microsoft Visual Studio Solution File, Format Version 12.00
# Visual Studio Version 17
VisualStudioVersion = 17.14.36705.20 d17.14
MinimumVisualStudioVersion = 10.0.40219.1
Project("{FAE04EC0-301F-11D3-BF4B-00C04F79EFBC}") = "NkhanhAPI", "NkhanhAPI\NkhanhAPI.csproj", "{03F8C212-B17E-431A-930F-4ED2138AB77E}"
EndProject
Global
	GlobalSection(SolutionConfigurationPlatforms) = preSolution
		Debug|Any CPU = Debug|Any CPU
		Release|Any CPU = Release|Any CPU
	EndGlobalSection
	GlobalSection(ProjectConfigurationPlatforms) = postSolution
		{03F8C212-B17E-431A-930F-4ED2138AB77E}.Debug|Any CPU.ActiveCfg = Debug|Any CPU
		{03F8C212-B17E-431A-930F-4ED2138AB77E}.Debug|Any CPU.Build.0 = Debug|Any CPU
		{03F8C212-B17E-431A-930F-4ED2138AB77E}.Release|Any CPU.ActiveCfg = Release|Any CPU
		{03F8C212-B17E-431A-930F-4ED2138AB77E}.Release|Any CPU.Build.0 = Release|Any CPU
	EndGlobalSection
	GlobalSection(SolutionProperties) = preSolution
		HideSolutionNode = FALSE
	EndGlobalSection
	GlobalSection(ExtensibilityGlobals) = postSolution
		SolutionGuid = {E467AD32-E155-4A8C-9254-CC291C5FDD45}
	EndGlobalSection
EndGlobal
